
Microsoft Visual Studio Solution File, Format Version 12.00
# Visual Studio Version 17
VisualStudioVersion = 17.4.33213.308
MinimumVisualStudioVersion = 10.0.40219.1
Project("{8BC9CEB8-8B4A-11D0-8D11-00A0C91BC942}") = "Problem Set", "Problem Set.vcxproj", "{9DBC3469-3837-4DEB-9112-34F070BC2720}"
EndProject
Global
	GlobalSection(SolutionConfigurationPlatforms) = preSolution
		Debug|x64 = Debug|x64
		Debug|x86 = Debug|x86
		Release|x64 = Release|x64
		Release|x86 = Release|x86
	EndGlobalSection
	GlobalSection(ProjectConfigurationPlatforms) = postSolution
		{9DBC3469-3837-4DEB-9112-34F070BC2720}.Debug|x64.ActiveCfg = Debug|x64
		{9DBC3469-3837-4DEB-9112-34F070BC2720}.Debug|x64.Build.0 = Debug|x64
		{9DBC3469-3837-4DEB-9112-34F070BC2720}.Debug|x86.ActiveCfg = Debug|Win32
		{9DBC3469-3837-4DEB-9112-34F070BC2720}.Debug|x86.Build.0 = Debug|Win32
		{9DBC3469-3837-4DEB-9112-34F070BC2720}.Release|x64.ActiveCfg = Release|x64
		{9DBC3469-3837-4DEB-9112-34F070BC2720}.Release|x64.Build.0 = Release|x64
		{9DBC3469-3837-4DEB-9112-34F070BC2720}.Release|x86.ActiveCfg = Release|Win32
		{9DBC3469-3837-4DEB-9112-34F070BC2720}.Release|x86.Build.0 = Release|Win32
	EndGlobalSection
	GlobalSection(SolutionProperties) = preSolution
		HideSolutionNode = FALSE
	EndGlobalSection
	GlobalSection(ExtensibilityGlobals) = postSolution
		SolutionGuid = {E2C31637-E9E1-4F3C-9867-E22DDCAC58A6}
	EndGlobalSection
EndGlobal
